<?xml version="1.0" encoding="utf-8"?>
<Project ToolsVersion="4.0" xmlns="http://schemas.microsoft.com/developer/msbuild/2003">
  <ItemGroup>
    <Filter Include="Source Files">
      <UniqueIdentifier>{4FC737F1-C7A5-4376-A066-2A32D752A2FF}</UniqueIdentifier>
      <Extensions>cpp;c;cc;cxx;c++;cppm;ixx;def;odl;idl;hpj;bat;asm;asmx</Extensions>
    </Filter>
    <Filter Include="Header Files">
      <UniqueIdentifier>{93995380-89BD-4b04-88EB-625FBE52EBFB}</UniqueIdentifier>
      <Extensions>h;hh;hpp;hxx;h++;hm;inl;inc;ipp;xsd</Extensions>
    </Filter>
    <Filter Include="Resource Files">
      <UniqueIdentifier>{67DA6AB6-F800-4c08-8B7A-83BB121AAD01}</UniqueIdentifier>
      <Extensions>rc;ico;cur;bmp;dlg;rc2;rct;bin;rgs;gif;jpg;jpeg;jpe;resx;tiff;tif;png;wav;mfcribbon-ms</Extensions>
    </Filter>
    <Filter Include="Grammar">
      <UniqueIdentifier>{7B1C1C7E-9E9A-4A2E-9C1B-7B7E4E9F9A11}</UniqueIdentifier>
      <Extensions>y;l</Extensions>
    </Filter>
    <Filter Include="Generated Files">
      <UniqueIdentifier>{2A7B7D2C-3B9A-4A6E-8E2E-4C2C9E7B5A22}</UniqueIdentifier>
    </Filter>
  </ItemGroup>
  <ItemGroup>
    <ClCompile Include="breakpoints.c">
      <Filter>Source Files</Filter>
    </ClCompile>
    <ClCompile Include="commands.c">
      <Filter>Source Files</Filter>
    </ClCompile>
    <ClCompile Include="debugger.c">
      <Filter>Source Files</Filter>
    </ClCompile>
    <ClCompile Include="main.c">
      <Filter>Source Files</Filter>
    </ClCompile>
    <ClCompile Include="memory.c">
      <Filter>Source Files</Filter>
    </ClCompile>
    <ClCompile Include="registers.c">
      <Filter>Source Files</Filter>
    </ClCompile>
    <ClCompile Include="symbols.c">
      <Filter>Source Files</Filter>
    </ClCompile>
    <ClCompile Include="disasm.c">
      <Filter>Source Files</Filter>
    </ClCompile>
    <ClCompile Include="expr.c">
      <Filter>Source Files</Filter>
    </ClCompile>
    <ClCompile Include="leakcheck.c">
      <Filter>Source Files</Filter>
    </ClCompile>
    <ClCompile Include="expr_parser.tab.c">
      <Filter>Generated Files</Filter>
    </ClCompile>
    <ClCompile Include="expr_lexer.yy.c">
      <Filter>Generated Files</Filter>
    </ClCompile>
    <ClCompile Include="cmdline_parser.tab.c">
      <Filter>Generated Files</Filter>
    </ClCompile>
    <ClCompile Include="cmdline_lexer.yy.c">
      <Filter>Generated Files</Filter>
    </ClCompile>
  </ItemGroup>
  <ItemGroup>
    <ClInclude Include="breakpoints.h">
      <Filter>Header Files</Filter>
    </ClInclude>
    <ClInclude Include="commands.h">
      <Filter>Header Files</Filter>
    </ClInclude>
    <ClInclude Include="debugger.h">
      <Filter>Header Files</Filter>
    </ClInclude>
    <ClInclude Include="memory.h">
      <Filter>Header Files</Filter>
    </ClInclude>
    <ClInclude Include="registers.h">
      <Filter>Header Files</Filter>
    </ClInclude>
    <ClInclude Include="symbols.h">
      <Filter>Header Files</Filter>
    </ClInclude>
    <ClInclude Include="disasm.h">
      <Filter>Header Files</Filter>
    </ClInclude>
    <ClInclude Include="expr.h">
      <Filter>Header Files</Filter>
    </ClInclude>
    <ClInclude Include="leakcheck.h">
      <Filter>Header Files</Filter>
    </ClInclude>
    <ClInclude Include="expr_internal.h">
      <Filter>Header Files</Filter>
    </ClInclude>
    <ClInclude Include="cmdline_internal.h">
      <Filter>Header Files</Filter>
    </ClInclude>
    <ClInclude Include="expr_parser.tab.h">
      <Filter>Generated Files</Filter>
    </ClInclude>
    <ClInclude Include="expr_lexer.h">
      <Filter>Generated Files</Filter>
    </ClInclude>
    <ClInclude Include="cmdline_parser.tab.h">
      <Filter>Generated Files</Filter>
    </ClInclude>
    <ClInclude Include="cmdline_lexer.h">
      <Filter>Generated Files</Filter>
    </ClInclude>
  </ItemGroup>
  <ItemGroup>
    <CustomBuild Include="expr_parser.y">
      <Filter>Grammar</Filter>
    </CustomBuild>
    <CustomBuild Include="expr_lexer.l">
      <Filter>Grammar</Filter>
    </CustomBuild>
    <CustomBuild Include="cmdline_parser.y">
      <Filter>Grammar</Filter>
    </CustomBuild>
    <CustomBuild Include="cmdline_lexer.l">
      <Filter>Grammar</Filter>
    </CustomBuild>
  </ItemGroup>
</Project>